// !$*UTF8*$!
{
	archiveVersion = 1;
	classes = {
	};
	objectVersion = 52;
	objects = {

/* Begin PBXBuildFile section */
		CAAB87E726F4F5FD0013461A /* AppDelegate.swift in Sources */ = {isa = PBXBuildFile; fileRef = CAAB87E626F4F5FD0013461A /* AppDelegate.swift */; };
		CAAB87E926F4F5FD0013461A /* SceneDelegate.swift in Sources */ = {isa = PBXBuildFile; fileRef = CAAB87E826F4F5FD0013461A /* SceneDelegate.swift */; };
		CAAB87EB26F4F5FD0013461A /* ViewController.swift in Sources */ = {isa = PBXBuildFile; fileRef = CAAB87EA26F4F5FD0013461A /* ViewController.swift */; };
		CAAB87EE26F4F5FD0013461A /* Main.storyboard in Resources */ = {isa = PBXBuildFile; fileRef = CAAB87EC26F4F5FD0013461A /* Main.storyboard */; };
		CAAB87F026F4F6020013461A /* Assets.xcassets in Resources */ = {isa = PBXBuildFile; fileRef = CAAB87EF26F4F6020013461A /* Assets.xcassets */; };
		CAAB87F326F4F6020013461A /* LaunchScreen.storyboard in Resources */ = {isa = PBXBuildFile; fileRef = CAAB87F126F4F6020013461A /* LaunchScreen.storyboard */; };
		CAAB87FD26F4F9780013461A /* Realm in Frameworks */ = {isa = PBXBuildFile; productRef = CAAB87FC26F4F9780013461A /* Realm */; };
		CAAB87FF26F4F9780013461A /* RealmSwift in Frameworks */ = {isa = PBXBuildFile; productRef = CAAB87FE26F4F9780013461A /* RealmSwift */; };
		CAAB880126F4FCCB0013461A /* Question.swift in Sources */ = {isa = PBXBuildFile; fileRef = CAAB880026F4FCCB0013461A /* Question.swift */; };
		CAAB880526F500370013461A /* SQLite in Frameworks */ = {isa = PBXBuildFile; productRef = CAAB880426F500370013461A /* SQLite */; };
/* End PBXBuildFile section */

/* Begin PBXFileReference section */
		CAAB87E326F4F5FD0013461A /* ysTrivia.app */ = {isa = PBXFileReference; explicitFileType = wrapper.application; includeInIndex = 0; path = ysTrivia.app; sourceTree = BUILT_PRODUCTS_DIR; };
		CAAB87E626F4F5FD0013461A /* AppDelegate.swift */ = {isa = PBXFileReference; lastKnownFileType = sourcecode.swift; path = AppDelegate.swift; sourceTree = "<group>"; };
		CAAB87E826F4F5FD0013461A /* SceneDelegate.swift */ = {isa = PBXFileReference; lastKnownFileType = sourcecode.swift; path = SceneDelegate.swift; sourceTree = "<group>"; };
		CAAB87EA26F4F5FD0013461A /* ViewController.swift */ = {isa = PBXFileReference; lastKnownFileType = sourcecode.swift; path = ViewController.swift; sourceTree = "<group>"; };
		CAAB87ED26F4F5FD0013461A /* Base */ = {isa = PBXFileReference; lastKnownFileType = file.storyboard; name = Base; path = Base.lproj/Main.storyboard; sourceTree = "<group>"; };
		CAAB87EF26F4F6020013461A /* Assets.xcassets */ = {isa = PBXFileReference; lastKnownFileType = folder.assetcatalog; path = Assets.xcassets; sourceTree = "<group>"; };
		CAAB87F226F4F6020013461A /* Base */ = {isa = PBXFileReference; lastKnownFileType = file.storyboard; name = Base; path = Base.lproj/LaunchScreen.storyboard; sourceTree = "<group>"; };
		CAAB87F426F4F6020013461A /* Info.plist */ = {isa = PBXFileReference; lastKnownFileType = text.plist.xml; path = Info.plist; sourceTree = "<group>"; };
		CAAB880026F4FCCB0013461A /* Question.swift */ = {isa = PBXFileReference; lastKnownFileType = sourcecode.swift; path = Question.swift; sourceTree = "<group>"; };
/* End PBXFileReference section */

/* Begin PBXFrameworksBuildPhase section */
		CAAB87E026F4F5FD0013461A /* Frameworks */ = {
			isa = PBXFrameworksBuildPhase;
			buildActionMask = 2147483647;
			files = (
				CAAB880526F500370013461A /* SQLite in Frameworks */,
				CAAB87FF26F4F9780013461A /* RealmSwift in Frameworks */,
				CAAB87FD26F4F9780013461A /* Realm in Frameworks */,
			);
			runOnlyForDeploymentPostprocessing = 0;
		};
/* End PBXFrameworksBuildPhase section */

/* Begin PBXGroup section */
		CAAB87DA26F4F5FD0013461A = {
			isa = PBXGroup;
			children = (
				CAAB87E526F4F5FD0013461A /* ysTrivia */,
				CAAB87E426F4F5FD0013461A /* Products */,
			);
			sourceTree = "<group>";
		};
		CAAB87E426F4F5FD0013461A /* Products */ = {
			isa = PBXGroup;
			children = (
				CAAB87E326F4F5FD0013461A /* ysTrivia.app */,
			);
			name = Products;
			sourceTree = "<group>";
		};
		CAAB87E526F4F5FD0013461A /* ysTrivia */ = {
			isa = PBXGroup;
			children = (
				CAAB87E626F4F5FD0013461A /* AppDelegate.swift */,
				CAAB87E826F4F5FD0013461A /* SceneDelegate.swift */,
				CAAB87EA26F4F5FD0013461A /* ViewController.swift */,
				CAAB880226F4FF630013461A /* Models */,
				CAAB87FA26F4F6570013461A /* Resources */,
			);
			path = ysTrivia;
			sourceTree = "<group>";
		};
		CAAB87FA26F4F6570013461A /* Resources */ = {
			isa = PBXGroup;
			children = (
				CAAB87EC26F4F5FD0013461A /* Main.storyboard */,
				CAAB87EF26F4F6020013461A /* Assets.xcassets */,
				CAAB87F126F4F6020013461A /* LaunchScreen.storyboard */,
				CAAB87F426F4F6020013461A /* Info.plist */,
			);
			path = Resources;
			sourceTree = "<group>";
		};
		CAAB880226F4FF630013461A /* Models */ = {
			isa = PBXGroup;
			children = (
				CAAB880026F4FCCB0013461A /* Question.swift */,
			);
			path = Models;
			sourceTree = "<group>";
		};
/* End PBXGroup section */

/* Begin PBXNativeTarget section */
		CAAB87E226F4F5FD0013461A /* ysTrivia */ = {
			isa = PBXNativeTarget;
			buildConfigurationList = CAAB87F726F4F6020013461A /* Build configuration list for PBXNativeTarget "ysTrivia" */;
			buildPhases = (
				CAAB87DF26F4F5FD0013461A /* Sources */,
				CAAB87E026F4F5FD0013461A /* Frameworks */,
				CAAB87E126F4F5FD0013461A /* Resources */,
			);
			buildRules = (
			);
			dependencies = (
			);
			name = ysTrivia;
			packageProductDependencies = (
				CAAB87FC26F4F9780013461A /* Realm */,
				CAAB87FE26F4F9780013461A /* RealmSwift */,
				CAAB880426F500370013461A /* SQLite */,
			);
			productName = ysTrivia;
			productReference = CAAB87E326F4F5FD0013461A /* ysTrivia.app */;
			productType = "com.apple.product-type.application";
		};
/* End PBXNativeTarget section */

/* Begin PBXProject section */
		CAAB87DB26F4F5FD0013461A /* Project object */ = {
			isa = PBXProject;
			attributes = {
				LastSwiftUpdateCheck = 1250;
				LastUpgradeCheck = 1250;
				TargetAttributes = {
					CAAB87E226F4F5FD0013461A = {
						CreatedOnToolsVersion = 12.5;
					};
				};
			};
			buildConfigurationList = CAAB87DE26F4F5FD0013461A /* Build configuration list for PBXProject "ysTrivia" */;
			compatibilityVersion = "Xcode 9.3";
			developmentRegion = en;
			hasScannedForEncodings = 0;
			knownRegions = (
				en,
				Base,
			);
			mainGroup = CAAB87DA26F4F5FD0013461A;
			packageReferences = (
				CAAB87FB26F4F9780013461A /* XCRemoteSwiftPackageReference "realm-cocoa" */,
				CAAB880326F500370013461A /* XCRemoteSwiftPackageReference "SQLite.swift" */,
			);
			productRefGroup = CAAB87E426F4F5FD0013461A /* Products */;
			projectDirPath = "";
			projectRoot = "";
			targets = (
				CAAB87E226F4F5FD0013461A /* ysTrivia */,
			);
		};
/* End PBXProject section */

/* Begin PBXResourcesBuildPhase section */
		CAAB87E126F4F5FD0013461A /* Resources */ = {
			isa = PBXResourcesBuildPhase;
			buildActionMask = 2147483647;
			files = (
				CAAB87F326F4F6020013461A /* LaunchScreen.storyboard in Resources */,
				CAAB87F026F4F6020013461A /* Assets.xcassets in Resources */,
				CAAB87EE26F4F5FD0013461A /* Main.storyboard in Resources */,
			);
			runOnlyForDeploymentPostprocessing = 0;
		};
/* End PBXResourcesBuildPhase section */

/* Begin PBXSourcesBuildPhase section */
		CAAB87DF26F4F5FD0013461A /* Sources */ = {
			isa = PBXSourcesBuildPhase;
			buildActionMask = 2147483647;
			files = (
				CAAB87EB26F4F5FD0013461A /* ViewController.swift in Sources */,
				CAAB880126F4FCCB0013461A /* Question.swift in Sources */,
				CAAB87E726F4F5FD0013461A /* AppDelegate.swift in Sources */,
				CAAB87E926F4F5FD0013461A /* SceneDelegate.swift in Sources */,
			);
			runOnlyForDeploymentPostprocessing = 0;
		};
/* End PBXSourcesBuildPhase section */

/* Begin PBXVariantGroup section */
		CAAB87EC26F4F5FD0013461A /* Main.storyboard */ = {
			isa = PBXVariantGroup;
			children = (
				CAAB87ED26F4F5FD0013461A /* Base */,
			);
			name = Main.storyboard;
			sourceTree = "<group>";
		};
		CAAB87F126F4F6020013461A /* LaunchScreen.storyboard */ = {
			isa = PBXVariantGroup;
			children = (
				CAAB87F226F4F6020013461A /* Base */,
			);
			name = LaunchScreen.storyboard;
			sourceTree = "<group>";
		};
/* End PBXVariantGroup section */

/* Begin XCBuildConfiguration section */
		CAAB87F526F4F6020013461A /* Debug */ = {
			isa = XCBuildConfiguration;
			buildSettings = {
				ALWAYS_SEARCH_USER_PATHS = NO;
				CLANG_ANALYZER_NONNULL = YES;
				CLANG_ANALYZER_NUMBER_OBJECT_CONVERSION = YES_AGGRESSIVE;
				CLANG_CXX_LANGUAGE_STANDARD = "gnu++14";
				CLANG_CXX_LIBRARY = "libc++";
				CLANG_ENABLE_MODULES = YES;
				CLANG_ENABLE_OBJC_ARC = YES;
				CLANG_ENABLE_OBJC_WEAK = YES;
				CLANG_WARN_BLOCK_CAPTURE_AUTORELEASING = YES;
				CLANG_WARN_BOOL_CONVERSION = YES;
				CLANG_WARN_COMMA = YES;
				CLANG_WARN_CONSTANT_CONVERSION = YES;
				CLANG_WARN_DEPRECATED_OBJC_IMPLEMENTATIONS = YES;
				CLANG_WARN_DIRECT_OBJC_ISA_USAGE = YES_ERROR;
				CLANG_WARN_DOCUMENTATION_COMMENTS = YES;
				CLANG_WARN_EMPTY_BODY = YES;
				CLANG_WARN_ENUM_CONVERSION = YES;
				CLANG_WARN_INFINITE_RECURSION = YES;
				CLANG_WARN_INT_CONVERSION = YES;
				CLANG_WARN_NON_LITERAL_NULL_CONVERSION = YES;
				CLANG_WARN_OBJC_IMPLICIT_RETAIN_SELF = YES;
				CLANG_WARN_OBJC_LITERAL_CONVERSION = YES;
				CLANG_WARN_OBJC_ROOT_CLASS = YES_ERROR;
				CLANG_WARN_QUOTED_INCLUDE_IN_FRAMEWORK_HEADER = YES;
				CLANG_WARN_RANGE_LOOP_ANALYSIS = YES;
				CLANG_WARN_STRICT_PROTOTYPES = YES;
				CLANG_WARN_SUSPICIOUS_MOVE = YES;
				CLANG_WARN_UNGUARDED_AVAILABILITY = YES_AGGRESSIVE;
				CLANG_WARN_UNREACHABLE_CODE = YES;
				CLANG_WARN__DUPLICATE_METHOD_MATCH = YES;
				COPY_PHASE_STRIP = NO;
				DEBUG_INFORMATION_FORMAT = dwarf;
				ENABLE_STRICT_OBJC_MSGSEND = YES;
				ENABLE_TESTABILITY = YES;
				GCC_C_LANGUAGE_STANDARD = gnu11;
				GCC_DYNAMIC_NO_PIC = NO;
				GCC_NO_COMMON_BLOCKS = YES;
				GCC_OPTIMIZATION_LEVEL = 0;
				GCC_PREPROCESSOR_DEFINITIONS = (
					"DEBUG=1",
					"$(inherited)",
				);
				GCC_WARN_64_TO_32_BIT_CONVERSION = YES;
				GCC_WARN_ABOUT_RETURN_TYPE = YES_ERROR;
				GCC_WARN_UNDECLARED_SELECTOR = YES;
				GCC_WARN_UNINITIALIZED_AUTOS = YES_AGGRESSIVE;
				GCC_WARN_UNUSED_FUNCTION = YES;
				GCC_WARN_UNUSED_VARIABLE = YES;
				IPHONEOS_DEPLOYMENT_TARGET = 14.5;
				MTL_ENABLE_DEBUG_INFO = INCLUDE_SOURCE;
				MTL_FAST_MATH = YES;
				ONLY_ACTIVE_ARCH = YES;
				SDKROOT = iphoneos;
				SWIFT_ACTIVE_COMPILATION_CONDITIONS = DEBUG;
				SWIFT_OPTIMIZATION_LEVEL = "-Onone";
			};
			name = Debug;
		};
		CAAB87F626F4F6020013461A /* Release */ = {
			isa = XCBuildConfiguration;
			buildSettings = {
				ALWAYS_SEARCH_USER_PATHS = NO;
				CLANG_ANALYZER_NONNULL = YES;
				CLANG_ANALYZER_NUMBER_OBJECT_CONVERSION = YES_AGGRESSIVE;
				CLANG_CXX_LANGUAGE_STANDARD = "gnu++14";
				CLANG_CXX_LIBRARY = "libc++";
				CLANG_ENABLE_MODULES = YES;
				CLANG_ENABLE_OBJC_ARC = YES;
				CLANG_ENABLE_OBJC_WEAK = YES;
				CLANG_WARN_BLOCK_CAPTURE_AUTORELEASING = YES;
				CLANG_WARN_BOOL_CONVERSION = YES;
				CLANG_WARN_COMMA = YES;
				CLANG_WARN_CONSTANT_CONVERSION = YES;
				CLANG_WARN_DEPRECATED_OBJC_IMPLEMENTATIONS = YES;
				CLANG_WARN_DIRECT_OBJC_ISA_USAGE = YES_ERROR;
				CLANG_WARN_DOCUMENTATION_COMMENTS = YES;
				CLANG_WARN_EMPTY_BODY = YES;
				CLANG_WARN_ENUM_CONVERSION = YES;
				CLANG_WARN_INFINITE_RECURSION = YES;
				CLANG_WARN_INT_CONVERSION = YES;
				CLANG_WARN_NON_LITERAL_NULL_CONVERSION = YES;
				CLANG_WARN_OBJC_IMPLICIT_RETAIN_SELF = YES;
				CLANG_WARN_OBJC_LITERAL_CONVERSION = YES;
				CLANG_WARN_OBJC_ROOT_CLASS = YES_ERROR;
				CLANG_WARN_QUOTED_INCLUDE_IN_FRAMEWORK_HEADER = YES;
				CLANG_WARN_RANGE_LOOP_ANALYSIS = YES;
				CLANG_WARN_STRICT_PROTOTYPES = YES;
				CLANG_WARN_SUSPICIOUS_MOVE = YES;
				CLANG_WARN_UNGUARDED_AVAILABILITY = YES_AGGRESSIVE;
				CLANG_WARN_UNREACHABLE_CODE = YES;
				CLANG_WARN__DUPLICATE_METHOD_MATCH = YES;
				COPY_PHASE_STRIP = NO;
				DEBUG_INFORMATION_FORMAT = "dwarf-with-dsym";
				ENABLE_NS_ASSERTIONS = NO;
				ENABLE_STRICT_OBJC_MSGSEND = YES;
				GCC_C_LANGUAGE_STANDARD = gnu11;
				GCC_NO_COMMON_BLOCKS = YES;
				GCC_WARN_64_TO_32_BIT_CONVERSION = YES;
				GCC_WARN_ABOUT_RETURN_TYPE = YES_ERROR;
				GCC_WARN_UNDECLARED_SELECTOR = YES;
				GCC_WARN_UNINITIALIZED_AUTOS = YES_AGGRESSIVE;
				GCC_WARN_UNUSED_FUNCTION = YES;
				GCC_WARN_UNUSED_VARIABLE = YES;
				IPHONEOS_DEPLOYMENT_TARGET = 14.5;
				MTL_ENABLE_DEBUG_INFO = NO;
				MTL_FAST_MATH = YES;
				SDKROOT = iphoneos;
				SWIFT_COMPILATION_MODE = wholemodule;
				SWIFT_OPTIMIZATION_LEVEL = "-O";
				VALIDATE_PRODUCT = YES;
			};
			name = Release;
		};
		CAAB87F826F4F6020013461A /* Debug */ = {
			isa = XCBuildConfiguration;
			buildSettings = {
				ASSETCATALOG_COMPILER_APPICON_NAME = AppIcon;
				ASSETCATALOG_COMPILER_GLOBAL_ACCENT_COLOR_NAME = AccentColor;
				CODE_SIGN_STYLE = Automatic;
				DEVELOPMENT_TEAM = 4NK62H99X6;
				INFOPLIST_FILE = ysTrivia/Resources/Info.plist;
				LD_RUNPATH_SEARCH_PATHS = (
					"$(inherited)",
					"@executable_path/Frameworks",
				);
				PRODUCT_BUNDLE_IDENTIFIER = jareksedy.ysTrivia;
				PRODUCT_NAME = "$(TARGET_NAME)";
				SWIFT_VERSION = 5.0;
				TARGETED_DEVICE_FAMILY = "1,2";
			};
			name = Debug;
		};
		CAAB87F926F4F6020013461A /* Release */ = {
			isa = XCBuildConfiguration;
			buildSettings = {
				ASSETCATALOG_COMPILER_APPICON_NAME = AppIcon;
				ASSETCATALOG_COMPILER_GLOBAL_ACCENT_COLOR_NAME = AccentColor;
				CODE_SIGN_STYLE = Automatic;
				DEVELOPMENT_TEAM = 4NK62H99X6;
				INFOPLIST_FILE = ysTrivia/Resources/Info.plist;
				LD_RUNPATH_SEARCH_PATHS = (
					"$(inherited)",
					"@executable_path/Frameworks",
				);
				PRODUCT_BUNDLE_IDENTIFIER = jareksedy.ysTrivia;
				PRODUCT_NAME = "$(TARGET_NAME)";
				SWIFT_VERSION = 5.0;
				TARGETED_DEVICE_FAMILY = "1,2";
			};
			name = Release;
		};
/* End XCBuildConfiguration section */

/* Begin XCConfigurationList section */
		CAAB87DE26F4F5FD0013461A /* Build configuration list for PBXProject "ysTrivia" */ = {
			isa = XCConfigurationList;
			buildConfigurations = (
				CAAB87F526F4F6020013461A /* Debug */,
				CAAB87F626F4F6020013461A /* Release */,
			);
			defaultConfigurationIsVisible = 0;
			defaultConfigurationName = Release;
		};
		CAAB87F726F4F6020013461A /* Build configuration list for PBXNativeTarget "ysTrivia" */ = {
			isa = XCConfigurationList;
			buildConfigurations = (
				CAAB87F826F4F6020013461A /* Debug */,
				CAAB87F926F4F6020013461A /* Release */,
			);
			defaultConfigurationIsVisible = 0;
			defaultConfigurationName = Release;
		};
/* End XCConfigurationList section */

/* Begin XCRemoteSwiftPackageReference section */
		CAAB87FB26F4F9780013461A /* XCRemoteSwiftPackageReference "realm-cocoa" */ = {
			isa = XCRemoteSwiftPackageReference;
			repositoryURL = "https://github.com/realm/realm-cocoa.git";
			requirement = {
				kind = upToNextMajorVersion;
				minimumVersion = 10.15.1;
			};
		};
		CAAB880326F500370013461A /* XCRemoteSwiftPackageReference "SQLite.swift" */ = {
			isa = XCRemoteSwiftPackageReference;
			repositoryURL = "https://github.com/stephencelis/SQLite.swift.git";
			requirement = {
				kind = upToNextMajorVersion;
				minimumVersion = 0.13.0;
			};
		};
/* End XCRemoteSwiftPackageReference section */

/* Begin XCSwiftPackageProductDependency section */
		CAAB87FC26F4F9780013461A /* Realm */ = {
			isa = XCSwiftPackageProductDependency;
			package = CAAB87FB26F4F9780013461A /* XCRemoteSwiftPackageReference "realm-cocoa" */;
			productName = Realm;
		};
		CAAB87FE26F4F9780013461A /* RealmSwift */ = {
			isa = XCSwiftPackageProductDependency;
			package = CAAB87FB26F4F9780013461A /* XCRemoteSwiftPackageReference "realm-cocoa" */;
			productName = RealmSwift;
		};
		CAAB880426F500370013461A /* SQLite */ = {
			isa = XCSwiftPackageProductDependency;
			package = CAAB880326F500370013461A /* XCRemoteSwiftPackageReference "SQLite.swift" */;
			productName = SQLite;
		};
/* End XCSwiftPackageProductDependency section */
	};
	rootObject = CAAB87DB26F4F5FD0013461A /* Project object */;
}
